
Microsoft Visual Studio Solution File, Format Version 12.00
# Visual Studio Version 16
VisualStudioVersion = 16.0.30002.166
MinimumVisualStudioVersion = 10.0.40219.1
Project("{9A19103F-16F7-4668-BE54-9A1E7A4F7556}") = "LSSD.Registration.Model", "LSSD.Registration.Model\LSSD.Registration.Model.csproj", "{CA419A6D-8F39-4347-B3ED-3C8DBBABBA88}"
EndProject
Project("{9A19103F-16F7-4668-BE54-9A1E7A4F7556}") = "LSSD.Registration.CustomerFrontEnd", "LSSD.Registration.CustomerFrontEnd\LSSD.Registration.CustomerFrontEnd.csproj", "{A2FF083C-0CBE-4A00-8E0D-EAEAE1E6F723}"
EndProject
Project("{9A19103F-16F7-4668-BE54-9A1E7A4F7556}") = "LSSD.Registration.API", "LSSD.Registration.API\LSSD.Registration.API.csproj", "{F60B1AEE-C119-4900-9FC6-369F47B7BF51}"
EndProject
Project("{9A19103F-16F7-4668-BE54-9A1E7A4F7556}") = "LSSD.Registration.Data", "LSSD.Registration.Data\LSSD.Registration.Data.csproj", "{C31D2AD3-BB26-4B8E-B796-FACBA64B3B4D}"
EndProject
Global
	GlobalSection(SolutionConfigurationPlatforms) = preSolution
		Debug|Any CPU = Debug|Any CPU
		Release|Any CPU = Release|Any CPU
	EndGlobalSection
	GlobalSection(ProjectConfigurationPlatforms) = postSolution
		{CA419A6D-8F39-4347-B3ED-3C8DBBABBA88}.Debug|Any CPU.ActiveCfg = Debug|Any CPU
		{CA419A6D-8F39-4347-B3ED-3C8DBBABBA88}.Debug|Any CPU.Build.0 = Debug|Any CPU
		{CA419A6D-8F39-4347-B3ED-3C8DBBABBA88}.Release|Any CPU.ActiveCfg = Release|Any CPU
		{CA419A6D-8F39-4347-B3ED-3C8DBBABBA88}.Release|Any CPU.Build.0 = Release|Any CPU
		{A2FF083C-0CBE-4A00-8E0D-EAEAE1E6F723}.Debug|Any CPU.ActiveCfg = Debug|Any CPU
		{A2FF083C-0CBE-4A00-8E0D-EAEAE1E6F723}.Debug|Any CPU.Build.0 = Debug|Any CPU
		{A2FF083C-0CBE-4A00-8E0D-EAEAE1E6F723}.Release|Any CPU.ActiveCfg = Release|Any CPU
		{A2FF083C-0CBE-4A00-8E0D-EAEAE1E6F723}.Release|Any CPU.Build.0 = Release|Any CPU
		{F60B1AEE-C119-4900-9FC6-369F47B7BF51}.Debug|Any CPU.ActiveCfg = Debug|Any CPU
		{F60B1AEE-C119-4900-9FC6-369F47B7BF51}.Debug|Any CPU.Build.0 = Debug|Any CPU
		{F60B1AEE-C119-4900-9FC6-369F47B7BF51}.Release|Any CPU.ActiveCfg = Release|Any CPU
		{F60B1AEE-C119-4900-9FC6-369F47B7BF51}.Release|Any CPU.Build.0 = Release|Any CPU
		{C31D2AD3-BB26-4B8E-B796-FACBA64B3B4D}.Debug|Any CPU.ActiveCfg = Debug|Any CPU
		{C31D2AD3-BB26-4B8E-B796-FACBA64B3B4D}.Debug|Any CPU.Build.0 = Debug|Any CPU
		{C31D2AD3-BB26-4B8E-B796-FACBA64B3B4D}.Release|Any CPU.ActiveCfg = Release|Any CPU
		{C31D2AD3-BB26-4B8E-B796-FACBA64B3B4D}.Release|Any CPU.Build.0 = Release|Any CPU
	EndGlobalSection
	GlobalSection(SolutionProperties) = preSolution
		HideSolutionNode = FALSE
	EndGlobalSection
	GlobalSection(ExtensibilityGlobals) = postSolution
		SolutionGuid = {A556E9CF-E41E-4E21-9A89-F7345279A0B7}
	EndGlobalSection
EndGlobal
